Microsoft Visual Studio Solution File, Format Version 12.00
# Visual Studio 2012
Project("{FAE04EC0-301F-11D3-BF4B-00C04F79EFBC}") = "Bingo", "Bingo.csproj", "{CF72D59A-124D-458D-A677-556D8836EA55}"
EndProject
Global
	GlobalSection(SolutionConfigurationPlatforms) = preSolution
	Debug|Any CPU = Debug|Any CPU
	ExportDebug|Any CPU = ExportDebug|Any CPU
	ExportRelease|Any CPU = ExportRelease|Any CPU
	EndGlobalSection
	GlobalSection(ProjectConfigurationPlatforms) = postSolution
		{CF72D59A-124D-458D-A677-556D8836EA55}.Debug|Any CPU.ActiveCfg = Debug|Any CPU
		{CF72D59A-124D-458D-A677-556D8836EA55}.Debug|Any CPU.Build.0 = Debug|Any CPU
		{CF72D59A-124D-458D-A677-556D8836EA55}.ExportDebug|Any CPU.ActiveCfg = ExportDebug|Any CPU
		{CF72D59A-124D-458D-A677-556D8836EA55}.ExportDebug|Any CPU.Build.0 = ExportDebug|Any CPU
		{CF72D59A-124D-458D-A677-556D8836EA55}.ExportRelease|Any CPU.ActiveCfg = ExportRelease|Any CPU
		{CF72D59A-124D-458D-A677-556D8836EA55}.ExportRelease|Any CPU.Build.0 = ExportRelease|Any CPU
	EndGlobalSection
EndGlobal
